
Microsoft Visual Studio Solution File, Format Version 12.00
# Visual Studio Version 16
VisualStudioVersion = 16.0.34407.143
MinimumVisualStudioVersion = 10.0.40219.1
Project("{FAE04EC0-301F-11D3-BF4B-00C04F79EFBC}") = "VDS-MFG-Sample", "VDS-MFG-Sample\VDS-MFG-Sample.csproj", "{6E0263E1-C5BE-4E5E-B189-35A6238BA456}"
EndProject
Project("{FAE04EC0-301F-11D3-BF4B-00C04F79EFBC}") = "VDS-PDMC-Sample", "VDS-PDMC-Sample\VDS-PDMC-Sample.csproj", "{1240594B-F6D1-40B1-885A-9995855265A1}"
EndProject
Project("{2150E333-8FDC-42A3-9474-1A3956D46DE8}") = "SDK Refs", "SDK Refs", "{61E2150B-5ED6-4D81-B18E-657C2FE8AFA3}"
	ProjectSection(SolutionItems) = preProject
		SDK Refs\Autodesk.Connectivity.WebServices.dll = SDK Refs\Autodesk.Connectivity.WebServices.dll
		SDK Refs\Autodesk.DataManagement.Client.Framework.Forms.dll = SDK Refs\Autodesk.DataManagement.Client.Framework.Forms.dll
		SDK Refs\Common.dll = SDK Refs\Common.dll
		SDK Refs\CreateObject.dll = SDK Refs\CreateObject.dll
		SDK Refs\dataStandard.UI.dll = SDK Refs\dataStandard.UI.dll
	EndProjectSection
EndProject
Global
	GlobalSection(SolutionConfigurationPlatforms) = preSolution
		Debug|Any CPU = Debug|Any CPU
		Release|Any CPU = Release|Any CPU
	EndGlobalSection
	GlobalSection(ProjectConfigurationPlatforms) = postSolution
		{6E0263E1-C5BE-4E5E-B189-35A6238BA456}.Debug|Any CPU.ActiveCfg = Debug|Any CPU
		{6E0263E1-C5BE-4E5E-B189-35A6238BA456}.Debug|Any CPU.Build.0 = Debug|Any CPU
		{6E0263E1-C5BE-4E5E-B189-35A6238BA456}.Release|Any CPU.ActiveCfg = Release|Any CPU
		{6E0263E1-C5BE-4E5E-B189-35A6238BA456}.Release|Any CPU.Build.0 = Release|Any CPU
		{1240594B-F6D1-40B1-885A-9995855265A1}.Debug|Any CPU.ActiveCfg = Debug|Any CPU
		{1240594B-F6D1-40B1-885A-9995855265A1}.Debug|Any CPU.Build.0 = Debug|Any CPU
		{1240594B-F6D1-40B1-885A-9995855265A1}.Release|Any CPU.ActiveCfg = Release|Any CPU
		{1240594B-F6D1-40B1-885A-9995855265A1}.Release|Any CPU.Build.0 = Release|Any CPU
	EndGlobalSection
	GlobalSection(SolutionProperties) = preSolution
		HideSolutionNode = FALSE
	EndGlobalSection
	GlobalSection(ExtensibilityGlobals) = postSolution
		SolutionGuid = {49F385F7-02AE-4357-83AF-7551D13CABE9}
	EndGlobalSection
EndGlobal
